
Microsoft Visual Studio Solution File, Format Version 12.00
# Visual Studio Version 17
VisualStudioVersion = 17.11.35312.102
MinimumVisualStudioVersion = 10.0.40219.1
Project("{FAE04EC0-301F-11D3-BF4B-00C04F79EFBC}") = "VendaIngressos.Api", "src\VendaIngressos.Api\VendaIngressos.Api.csproj", "{E24F5865-7B3E-4DDD-BFCB-702F9EFC73C0}"
EndProject
Project("{FAE04EC0-301F-11D3-BF4B-00C04F79EFBC}") = "VendaIngressos.Application", "src\VendaIngressos.Application\VendaIngressos.Application.csproj", "{E00407A1-1CD2-4F00-B99F-EAA9956FDD0F}"
EndProject
Project("{FAE04EC0-301F-11D3-BF4B-00C04F79EFBC}") = "VendaIngressos.Domain", "src\VendaIngressos.Domain\VendaIngressos.Domain.csproj", "{1241E5A7-8C25-4C5D-A833-DBF1FB017E9D}"
EndProject
Project("{FAE04EC0-301F-11D3-BF4B-00C04F79EFBC}") = "VendaIngressos.Infrastructure", "src\VendaIngressos.Infrastructure\VendaIngressos.Infrastructure.csproj", "{2F1009C7-E693-40EA-AF01-33C67A9714AF}"
EndProject
Project("{2150E333-8FDC-42A3-9474-1A3956D46DE8}") = "Itens de Solução", "Itens de Solução", "{0ACD3705-5ACA-46BE-B57C-FBD5F018BFBA}"
	ProjectSection(SolutionItems) = preProject
		.gitignore = .gitignore
		sql\script.sql = sql\script.sql
	EndProjectSection
EndProject
Global
	GlobalSection(SolutionConfigurationPlatforms) = preSolution
		Debug|Any CPU = Debug|Any CPU
		Release|Any CPU = Release|Any CPU
	EndGlobalSection
	GlobalSection(ProjectConfigurationPlatforms) = postSolution
		{E24F5865-7B3E-4DDD-BFCB-702F9EFC73C0}.Debug|Any CPU.ActiveCfg = Debug|Any CPU
		{E24F5865-7B3E-4DDD-BFCB-702F9EFC73C0}.Debug|Any CPU.Build.0 = Debug|Any CPU
		{E24F5865-7B3E-4DDD-BFCB-702F9EFC73C0}.Release|Any CPU.ActiveCfg = Release|Any CPU
		{E24F5865-7B3E-4DDD-BFCB-702F9EFC73C0}.Release|Any CPU.Build.0 = Release|Any CPU
		{E00407A1-1CD2-4F00-B99F-EAA9956FDD0F}.Debug|Any CPU.ActiveCfg = Debug|Any CPU
		{E00407A1-1CD2-4F00-B99F-EAA9956FDD0F}.Debug|Any CPU.Build.0 = Debug|Any CPU
		{E00407A1-1CD2-4F00-B99F-EAA9956FDD0F}.Release|Any CPU.ActiveCfg = Release|Any CPU
		{E00407A1-1CD2-4F00-B99F-EAA9956FDD0F}.Release|Any CPU.Build.0 = Release|Any CPU
		{1241E5A7-8C25-4C5D-A833-DBF1FB017E9D}.Debug|Any CPU.ActiveCfg = Debug|Any CPU
		{1241E5A7-8C25-4C5D-A833-DBF1FB017E9D}.Debug|Any CPU.Build.0 = Debug|Any CPU
		{1241E5A7-8C25-4C5D-A833-DBF1FB017E9D}.Release|Any CPU.ActiveCfg = Release|Any CPU
		{1241E5A7-8C25-4C5D-A833-DBF1FB017E9D}.Release|Any CPU.Build.0 = Release|Any CPU
		{2F1009C7-E693-40EA-AF01-33C67A9714AF}.Debug|Any CPU.ActiveCfg = Debug|Any CPU
		{2F1009C7-E693-40EA-AF01-33C67A9714AF}.Debug|Any CPU.Build.0 = Debug|Any CPU
		{2F1009C7-E693-40EA-AF01-33C67A9714AF}.Release|Any CPU.ActiveCfg = Release|Any CPU
		{2F1009C7-E693-40EA-AF01-33C67A9714AF}.Release|Any CPU.Build.0 = Release|Any CPU
	EndGlobalSection
	GlobalSection(SolutionProperties) = preSolution
		HideSolutionNode = FALSE
	EndGlobalSection
	GlobalSection(ExtensibilityGlobals) = postSolution
		SolutionGuid = {EF4F10ED-70DF-4333-A1EE-0D682D23174A}
	EndGlobalSection
EndGlobal
